
Microsoft Visual Studio Solution File, Format Version 12.00
# Visual Studio Version 17
VisualStudioVersion = 17.4.33110.190
MinimumVisualStudioVersion = 10.0.40219.1
Project("{9A19103F-16F7-4668-BE54-9A1E7A4F7556}") = "Asp.NetCore6.0", "Asp.NetCore6.0\Asp.NetCore6.0.csproj", "{7C6A581B-04AE-4D40-BC75-8A0045E0B441}"
EndProject
Project("{FAE04EC0-301F-11D3-BF4B-00C04F79EFBC}") = "MiddlewareExample.Web", "MiddlewareExample.Web\MiddlewareExample.Web.csproj", "{A0CCC30E-1838-46D0-9ABA-3FC6222BD572}"
EndProject
Global
	GlobalSection(SolutionConfigurationPlatforms) = preSolution
		Debug|Any CPU = Debug|Any CPU
		Release|Any CPU = Release|Any CPU
	EndGlobalSection
	GlobalSection(ProjectConfigurationPlatforms) = postSolution
		{7C6A581B-04AE-4D40-BC75-8A0045E0B441}.Debug|Any CPU.ActiveCfg = Debug|Any CPU
		{7C6A581B-04AE-4D40-BC75-8A0045E0B441}.Debug|Any CPU.Build.0 = Debug|Any CPU
		{7C6A581B-04AE-4D40-BC75-8A0045E0B441}.Release|Any CPU.ActiveCfg = Release|Any CPU
		{7C6A581B-04AE-4D40-BC75-8A0045E0B441}.Release|Any CPU.Build.0 = Release|Any CPU
		{A0CCC30E-1838-46D0-9ABA-3FC6222BD572}.Debug|Any CPU.ActiveCfg = Debug|Any CPU
		{A0CCC30E-1838-46D0-9ABA-3FC6222BD572}.Debug|Any CPU.Build.0 = Debug|Any CPU
		{A0CCC30E-1838-46D0-9ABA-3FC6222BD572}.Release|Any CPU.ActiveCfg = Release|Any CPU
		{A0CCC30E-1838-46D0-9ABA-3FC6222BD572}.Release|Any CPU.Build.0 = Release|Any CPU
	EndGlobalSection
	GlobalSection(SolutionProperties) = preSolution
		HideSolutionNode = FALSE
	EndGlobalSection
	GlobalSection(ExtensibilityGlobals) = postSolution
		SolutionGuid = {ECAC578E-9B34-4109-A06F-75E41241C9E2}
	EndGlobalSection
EndGlobal
